// !$*UTF8*$!
{
	archiveVersion = 1;
	classes = {
	};
	objectVersion = 56;
	objects = {

/* Begin PBXBuildFile section */
		FEE8AD1B2A0F6FBF002BB2C6 /* Metal_Segmentation_SwiftUIApp.swift in Sources */ = {isa = PBXBuildFile; fileRef = FEE8AD1A2A0F6FBF002BB2C6 /* Metal_Segmentation_SwiftUIApp.swift */; };
		FEE8AD1D2A0F6FBF002BB2C6 /* ContentView.swift in Sources */ = {isa = PBXBuildFile; fileRef = FEE8AD1C2A0F6FBF002BB2C6 /* ContentView.swift */; };
		FEE8AD1F2A0F6FC0002BB2C6 /* Assets.xcassets in Resources */ = {isa = PBXBuildFile; fileRef = FEE8AD1E2A0F6FC0002BB2C6 /* Assets.xcassets */; };
		FEE8AD222A0F6FC0002BB2C6 /* Preview Assets.xcassets in Resources */ = {isa = PBXBuildFile; fileRef = FEE8AD212A0F6FC0002BB2C6 /* Preview Assets.xcassets */; };
		FEE8AD292A0F6FCB002BB2C6 /* MetalView.swift in Sources */ = {isa = PBXBuildFile; fileRef = FEE8AD282A0F6FCB002BB2C6 /* MetalView.swift */; };
		FEE8AD2B2A105BD5002BB2C6 /* MetalView2.swift in Sources */ = {isa = PBXBuildFile; fileRef = FEE8AD2A2A105BD5002BB2C6 /* MetalView2.swift */; };
		FEE8AD2E2A105C0E002BB2C6 /* ViewController.swift in Sources */ = {isa = PBXBuildFile; fileRef = FEE8AD2D2A105C0E002BB2C6 /* ViewController.swift */; };
/* End PBXBuildFile section */

/* Begin PBXFileReference section */
		FEE8AD172A0F6FBF002BB2C6 /* Metal_Segmentation_SwiftUI.app */ = {isa = PBXFileReference; explicitFileType = wrapper.application; includeInIndex = 0; path = Metal_Segmentation_SwiftUI.app; sourceTree = BUILT_PRODUCTS_DIR; };
		FEE8AD1A2A0F6FBF002BB2C6 /* Metal_Segmentation_SwiftUIApp.swift */ = {isa = PBXFileReference; lastKnownFileType = sourcecode.swift; path = Metal_Segmentation_SwiftUIApp.swift; sourceTree = "<group>"; };
		FEE8AD1C2A0F6FBF002BB2C6 /* ContentView.swift */ = {isa = PBXFileReference; lastKnownFileType = sourcecode.swift; path = ContentView.swift; sourceTree = "<group>"; };
		FEE8AD1E2A0F6FC0002BB2C6 /* Assets.xcassets */ = {isa = PBXFileReference; lastKnownFileType = folder.assetcatalog; path = Assets.xcassets; sourceTree = "<group>"; };
		FEE8AD212A0F6FC0002BB2C6 /* Preview Assets.xcassets */ = {isa = PBXFileReference; lastKnownFileType = folder.assetcatalog; path = "Preview Assets.xcassets"; sourceTree = "<group>"; };
		FEE8AD282A0F6FCB002BB2C6 /* MetalView.swift */ = {isa = PBXFileReference; lastKnownFileType = sourcecode.swift; path = MetalView.swift; sourceTree = "<group>"; };
		FEE8AD2A2A105BD5002BB2C6 /* MetalView2.swift */ = {isa = PBXFileReference; lastKnownFileType = sourcecode.swift; path = MetalView2.swift; sourceTree = "<group>"; };
		FEE8AD2D2A105C0E002BB2C6 /* ViewController.swift */ = {isa = PBXFileReference; lastKnownFileType = sourcecode.swift; path = ViewController.swift; sourceTree = "<group>"; };
/* End PBXFileReference section */

/* Begin PBXFrameworksBuildPhase section */
		FEE8AD142A0F6FBF002BB2C6 /* Frameworks */ = {
			isa = PBXFrameworksBuildPhase;
			buildActionMask = 2147483647;
			files = (
			);
			runOnlyForDeploymentPostprocessing = 0;
		};
/* End PBXFrameworksBuildPhase section */

/* Begin PBXGroup section */
		FEE8AD0E2A0F6FBF002BB2C6 = {
			isa = PBXGroup;
			children = (
				FEE8AD192A0F6FBF002BB2C6 /* Metal_Segmentation_SwiftUI */,
				FEE8AD182A0F6FBF002BB2C6 /* Products */,
			);
			sourceTree = "<group>";
		};
		FEE8AD182A0F6FBF002BB2C6 /* Products */ = {
			isa = PBXGroup;
			children = (
				FEE8AD172A0F6FBF002BB2C6 /* Metal_Segmentation_SwiftUI.app */,
			);
			name = Products;
			sourceTree = "<group>";
		};
		FEE8AD192A0F6FBF002BB2C6 /* Metal_Segmentation_SwiftUI */ = {
			isa = PBXGroup;
			children = (
				FEE8AD1A2A0F6FBF002BB2C6 /* Metal_Segmentation_SwiftUIApp.swift */,
				FEE8AD1C2A0F6FBF002BB2C6 /* ContentView.swift */,
				FEE8AD282A0F6FCB002BB2C6 /* MetalView.swift */,
				FEE8AD2C2A105BEC002BB2C6 /* UIKit */,
				FEE8AD1E2A0F6FC0002BB2C6 /* Assets.xcassets */,
				FEE8AD202A0F6FC0002BB2C6 /* Preview Content */,
			);
			path = Metal_Segmentation_SwiftUI;
			sourceTree = "<group>";
		};
		FEE8AD202A0F6FC0002BB2C6 /* Preview Content */ = {
			isa = PBXGroup;
			children = (
				FEE8AD212A0F6FC0002BB2C6 /* Preview Assets.xcassets */,
			);
			path = "Preview Content";
			sourceTree = "<group>";
		};
		FEE8AD2C2A105BEC002BB2C6 /* UIKit */ = {
			isa = PBXGroup;
			children = (
				FEE8AD2A2A105BD5002BB2C6 /* MetalView2.swift */,
				FEE8AD2D2A105C0E002BB2C6 /* ViewController.swift */,
			);
			path = UIKit;
			sourceTree = "<group>";
		};
/* End PBXGroup section */

/* Begin PBXNativeTarget section */
		FEE8AD162A0F6FBF002BB2C6 /* Metal_Segmentation_SwiftUI */ = {
			isa = PBXNativeTarget;
			buildConfigurationList = FEE8AD252A0F6FC0002BB2C6 /* Build configuration list for PBXNativeTarget "Metal_Segmentation_SwiftUI" */;
			buildPhases = (
				FEE8AD132A0F6FBF002BB2C6 /* Sources */,
				FEE8AD142A0F6FBF002BB2C6 /* Frameworks */,
				FEE8AD152A0F6FBF002BB2C6 /* Resources */,
			);
			buildRules = (
			);
			dependencies = (
			);
			name = Metal_Segmentation_SwiftUI;
			productName = Metal_Segmentation_SwiftUI;
			productReference = FEE8AD172A0F6FBF002BB2C6 /* Metal_Segmentation_SwiftUI.app */;
			productType = "com.apple.product-type.application";
		};
/* End PBXNativeTarget section */

/* Begin PBXProject section */
		FEE8AD0F2A0F6FBF002BB2C6 /* Project object */ = {
			isa = PBXProject;
			attributes = {
				BuildIndependentTargetsInParallel = 1;
				LastSwiftUpdateCheck = 1420;
				LastUpgradeCheck = 1420;
				TargetAttributes = {
					FEE8AD162A0F6FBF002BB2C6 = {
						CreatedOnToolsVersion = 14.2;
					};
				};
			};
			buildConfigurationList = FEE8AD122A0F6FBF002BB2C6 /* Build configuration list for PBXProject "Metal_Segmentation_SwiftUI" */;
			compatibilityVersion = "Xcode 14.0";
			developmentRegion = en;
			hasScannedForEncodings = 0;
			knownRegions = (
				en,
				Base,
			);
			mainGroup = FEE8AD0E2A0F6FBF002BB2C6;
			productRefGroup = FEE8AD182A0F6FBF002BB2C6 /* Products */;
			projectDirPath = "";
			projectRoot = "";
			targets = (
				FEE8AD162A0F6FBF002BB2C6 /* Metal_Segmentation_SwiftUI */,
			);
		};
/* End PBXProject section */

/* Begin PBXResourcesBuildPhase section */
		FEE8AD152A0F6FBF002BB2C6 /* Resources */ = {
			isa = PBXResourcesBuildPhase;
			buildActionMask = 2147483647;
			files = (
				FEE8AD222A0F6FC0002BB2C6 /* Preview Assets.xcassets in Resources */,
				FEE8AD1F2A0F6FC0002BB2C6 /* Assets.xcassets in Resources */,
			);
			runOnlyForDeploymentPostprocessing = 0;
		};
/* End PBXResourcesBuildPhase section */

/* Begin PBXSourcesBuildPhase section */
		FEE8AD132A0F6FBF002BB2C6 /* Sources */ = {
			isa = PBXSourcesBuildPhase;
			buildActionMask = 2147483647;
			files = (
				FEE8AD2E2A105C0E002BB2C6 /* ViewController.swift in Sources */,
				FEE8AD292A0F6FCB002BB2C6 /* MetalView.swift in Sources */,
				FEE8AD1D2A0F6FBF002BB2C6 /* ContentView.swift in Sources */,
				FEE8AD1B2A0F6FBF002BB2C6 /* Metal_Segmentation_SwiftUIApp.swift in Sources */,
				FEE8AD2B2A105BD5002BB2C6 /* MetalView2.swift in Sources */,
			);
			runOnlyForDeploymentPostprocessing = 0;
		};
/* End PBXSourcesBuildPhase section */

/* Begin XCBuildConfiguration section */
		FEE8AD232A0F6FC0002BB2C6 /* Debug */ = {
			isa = XCBuildConfiguration;
			buildSettings = {
				ALWAYS_SEARCH_USER_PATHS = NO;
				CLANG_ANALYZER_NONNULL = YES;
				CLANG_ANALYZER_NUMBER_OBJECT_CONVERSION = YES_AGGRESSIVE;
				CLANG_CXX_LANGUAGE_STANDARD = "gnu++20";
				CLANG_ENABLE_MODULES = YES;
				CLANG_ENABLE_OBJC_ARC = YES;
				CLANG_ENABLE_OBJC_WEAK = YES;
				CLANG_WARN_BLOCK_CAPTURE_AUTORELEASING = YES;
				CLANG_WARN_BOOL_CONVERSION = YES;
				CLANG_WARN_COMMA = YES;
				CLANG_WARN_CONSTANT_CONVERSION = YES;
				CLANG_WARN_DEPRECATED_OBJC_IMPLEMENTATIONS = YES;
				CLANG_WARN_DIRECT_OBJC_ISA_USAGE = YES_ERROR;
				CLANG_WARN_DOCUMENTATION_COMMENTS = YES;
				CLANG_WARN_EMPTY_BODY = YES;
				CLANG_WARN_ENUM_CONVERSION = YES;
				CLANG_WARN_INFINITE_RECURSION = YES;
				CLANG_WARN_INT_CONVERSION = YES;
				CLANG_WARN_NON_LITERAL_NULL_CONVERSION = YES;
				CLANG_WARN_OBJC_IMPLICIT_RETAIN_SELF = YES;
				CLANG_WARN_OBJC_LITERAL_CONVERSION = YES;
				CLANG_WARN_OBJC_ROOT_CLASS = YES_ERROR;
				CLANG_WARN_QUOTED_INCLUDE_IN_FRAMEWORK_HEADER = YES;
				CLANG_WARN_RANGE_LOOP_ANALYSIS = YES;
				CLANG_WARN_STRICT_PROTOTYPES = YES;
				CLANG_WARN_SUSPICIOUS_MOVE = YES;
				CLANG_WARN_UNGUARDED_AVAILABILITY = YES_AGGRESSIVE;
				CLANG_WARN_UNREACHABLE_CODE = YES;
				CLANG_WARN__DUPLICATE_METHOD_MATCH = YES;
				COPY_PHASE_STRIP = NO;
				DEBUG_INFORMATION_FORMAT = dwarf;
				ENABLE_STRICT_OBJC_MSGSEND = YES;
				ENABLE_TESTABILITY = YES;
				GCC_C_LANGUAGE_STANDARD = gnu11;
				GCC_DYNAMIC_NO_PIC = NO;
				GCC_NO_COMMON_BLOCKS = YES;
				GCC_OPTIMIZATION_LEVEL = 0;
				GCC_PREPROCESSOR_DEFINITIONS = (
					"DEBUG=1",
					"$(inherited)",
				);
				GCC_WARN_64_TO_32_BIT_CONVERSION = YES;
				GCC_WARN_ABOUT_RETURN_TYPE = YES_ERROR;
				GCC_WARN_UNDECLARED_SELECTOR = YES;
				GCC_WARN_UNINITIALIZED_AUTOS = YES_AGGRESSIVE;
				GCC_WARN_UNUSED_FUNCTION = YES;
				GCC_WARN_UNUSED_VARIABLE = YES;
				IPHONEOS_DEPLOYMENT_TARGET = 16.2;
				MTL_ENABLE_DEBUG_INFO = INCLUDE_SOURCE;
				MTL_FAST_MATH = YES;
				ONLY_ACTIVE_ARCH = YES;
				SDKROOT = iphoneos;
				SWIFT_ACTIVE_COMPILATION_CONDITIONS = DEBUG;
				SWIFT_OPTIMIZATION_LEVEL = "-Onone";
			};
			name = Debug;
		};
		FEE8AD242A0F6FC0002BB2C6 /* Release */ = {
			isa = XCBuildConfiguration;
			buildSettings = {
				ALWAYS_SEARCH_USER_PATHS = NO;
				CLANG_ANALYZER_NONNULL = YES;
				CLANG_ANALYZER_NUMBER_OBJECT_CONVERSION = YES_AGGRESSIVE;
				CLANG_CXX_LANGUAGE_STANDARD = "gnu++20";
				CLANG_ENABLE_MODULES = YES;
				CLANG_ENABLE_OBJC_ARC = YES;
				CLANG_ENABLE_OBJC_WEAK = YES;
				CLANG_WARN_BLOCK_CAPTURE_AUTORELEASING = YES;
				CLANG_WARN_BOOL_CONVERSION = YES;
				CLANG_WARN_COMMA = YES;
				CLANG_WARN_CONSTANT_CONVERSION = YES;
				CLANG_WARN_DEPRECATED_OBJC_IMPLEMENTATIONS = YES;
				CLANG_WARN_DIRECT_OBJC_ISA_USAGE = YES_ERROR;
				CLANG_WARN_DOCUMENTATION_COMMENTS = YES;
				CLANG_WARN_EMPTY_BODY = YES;
				CLANG_WARN_ENUM_CONVERSION = YES;
				CLANG_WARN_INFINITE_RECURSION = YES;
				CLANG_WARN_INT_CONVERSION = YES;
				CLANG_WARN_NON_LITERAL_NULL_CONVERSION = YES;
				CLANG_WARN_OBJC_IMPLICIT_RETAIN_SELF = YES;
				CLANG_WARN_OBJC_LITERAL_CONVERSION = YES;
				CLANG_WARN_OBJC_ROOT_CLASS = YES_ERROR;
				CLANG_WARN_QUOTED_INCLUDE_IN_FRAMEWORK_HEADER = YES;
				CLANG_WARN_RANGE_LOOP_ANALYSIS = YES;
				CLANG_WARN_STRICT_PROTOTYPES = YES;
				CLANG_WARN_SUSPICIOUS_MOVE = YES;
				CLANG_WARN_UNGUARDED_AVAILABILITY = YES_AGGRESSIVE;
				CLANG_WARN_UNREACHABLE_CODE = YES;
				CLANG_WARN__DUPLICATE_METHOD_MATCH = YES;
				COPY_PHASE_STRIP = NO;
				DEBUG_INFORMATION_FORMAT = "dwarf-with-dsym";
				ENABLE_NS_ASSERTIONS = NO;
				ENABLE_STRICT_OBJC_MSGSEND = YES;
				GCC_C_LANGUAGE_STANDARD = gnu11;
				GCC_NO_COMMON_BLOCKS = YES;
				GCC_WARN_64_TO_32_BIT_CONVERSION = YES;
				GCC_WARN_ABOUT_RETURN_TYPE = YES_ERROR;
				GCC_WARN_UNDECLARED_SELECTOR = YES;
				GCC_WARN_UNINITIALIZED_AUTOS = YES_AGGRESSIVE;
				GCC_WARN_UNUSED_FUNCTION = YES;
				GCC_WARN_UNUSED_VARIABLE = YES;
				IPHONEOS_DEPLOYMENT_TARGET = 16.2;
				MTL_ENABLE_DEBUG_INFO = NO;
				MTL_FAST_MATH = YES;
				SDKROOT = iphoneos;
				SWIFT_COMPILATION_MODE = wholemodule;
				SWIFT_OPTIMIZATION_LEVEL = "-O";
				VALIDATE_PRODUCT = YES;
			};
			name = Release;
		};
		FEE8AD262A0F6FC0002BB2C6 /* Debug */ = {
			isa = XCBuildConfiguration;
			buildSettings = {
				ASSETCATALOG_COMPILER_APPICON_NAME = AppIcon;
				ASSETCATALOG_COMPILER_GLOBAL_ACCENT_COLOR_NAME = AccentColor;
				CODE_SIGN_STYLE = Automatic;
				CURRENT_PROJECT_VERSION = 1;
				DEVELOPMENT_ASSET_PATHS = "\"Metal_Segmentation_SwiftUI/Preview Content\"";
				DEVELOPMENT_TEAM = CNGL9PR533;
				ENABLE_PREVIEWS = YES;
				GENERATE_INFOPLIST_FILE = YES;
				INFOPLIST_KEY_NSCameraUsageDescription = "카메라 사용할게";
				INFOPLIST_KEY_UIApplicationSceneManifest_Generation = YES;
				INFOPLIST_KEY_UIApplicationSupportsIndirectInputEvents = YES;
				INFOPLIST_KEY_UILaunchScreen_Generation = YES;
				INFOPLIST_KEY_UISupportedInterfaceOrientations_iPad = "UIInterfaceOrientationPortrait UIInterfaceOrientationPortraitUpsideDown UIInterfaceOrientationLandscapeLeft UIInterfaceOrientationLandscapeRight";
				INFOPLIST_KEY_UISupportedInterfaceOrientations_iPhone = "UIInterfaceOrientationPortrait UIInterfaceOrientationLandscapeLeft UIInterfaceOrientationLandscapeRight";
				IPHONEOS_DEPLOYMENT_TARGET = 15.0;
				LD_RUNPATH_SEARCH_PATHS = (
					"$(inherited)",
					"@executable_path/Frameworks",
				);
				MARKETING_VERSION = 1.0;
				PRODUCT_BUNDLE_IDENTIFIER = "com.kirkim.Metal-Segmentation-SwiftUI";
				PRODUCT_NAME = "$(TARGET_NAME)";
				SUPPORTED_PLATFORMS = "iphoneos iphonesimulator";
				SUPPORTS_MACCATALYST = NO;
				SUPPORTS_MAC_DESIGNED_FOR_IPHONE_IPAD = NO;
				SWIFT_EMIT_LOC_STRINGS = YES;
				SWIFT_VERSION = 5.0;
				TARGETED_DEVICE_FAMILY = 1;
			};
			name = Debug;
		};
		FEE8AD272A0F6FC0002BB2C6 /* Release */ = {
			isa = XCBuildConfiguration;
			buildSettings = {
				ASSETCATALOG_COMPILER_APPICON_NAME = AppIcon;
				ASSETCATALOG_COMPILER_GLOBAL_ACCENT_COLOR_NAME = AccentColor;
				CODE_SIGN_STYLE = Automatic;
				CURRENT_PROJECT_VERSION = 1;
				DEVELOPMENT_ASSET_PATHS = "\"Metal_Segmentation_SwiftUI/Preview Content\"";
				DEVELOPMENT_TEAM = CNGL9PR533;
				ENABLE_PREVIEWS = YES;
				GENERATE_INFOPLIST_FILE = YES;
				INFOPLIST_KEY_NSCameraUsageDescription = "카메라 사용할게";
				INFOPLIST_KEY_UIApplicationSceneManifest_Generation = YES;
				INFOPLIST_KEY_UIApplicationSupportsIndirectInputEvents = YES;
				INFOPLIST_KEY_UILaunchScreen_Generation = YES;
				INFOPLIST_KEY_UISupportedInterfaceOrientations_iPad = "UIInterfaceOrientationPortrait UIInterfaceOrientationPortraitUpsideDown UIInterfaceOrientationLandscapeLeft UIInterfaceOrientationLandscapeRight";
				INFOPLIST_KEY_UISupportedInterfaceOrientations_iPhone = "UIInterfaceOrientationPortrait UIInterfaceOrientationLandscapeLeft UIInterfaceOrientationLandscapeRight";
				IPHONEOS_DEPLOYMENT_TARGET = 15.0;
				LD_RUNPATH_SEARCH_PATHS = (
					"$(inherited)",
					"@executable_path/Frameworks",
				);
				MARKETING_VERSION = 1.0;
				PRODUCT_BUNDLE_IDENTIFIER = "com.kirkim.Metal-Segmentation-SwiftUI";
				PRODUCT_NAME = "$(TARGET_NAME)";
				SUPPORTED_PLATFORMS = "iphoneos iphonesimulator";
				SUPPORTS_MACCATALYST = NO;
				SUPPORTS_MAC_DESIGNED_FOR_IPHONE_IPAD = NO;
				SWIFT_EMIT_LOC_STRINGS = YES;
				SWIFT_VERSION = 5.0;
				TARGETED_DEVICE_FAMILY = 1;
			};
			name = Release;
		};
/* End XCBuildConfiguration section */

/* Begin XCConfigurationList section */
		FEE8AD122A0F6FBF002BB2C6 /* Build configuration list for PBXProject "Metal_Segmentation_SwiftUI" */ = {
			isa = XCConfigurationList;
			buildConfigurations = (
				FEE8AD232A0F6FC0002BB2C6 /* Debug */,
				FEE8AD242A0F6FC0002BB2C6 /* Release */,
			);
			defaultConfigurationIsVisible = 0;
			defaultConfigurationName = Release;
		};
		FEE8AD252A0F6FC0002BB2C6 /* Build configuration list for PBXNativeTarget "Metal_Segmentation_SwiftUI" */ = {
			isa = XCConfigurationList;
			buildConfigurations = (
				FEE8AD262A0F6FC0002BB2C6 /* Debug */,
				FEE8AD272A0F6FC0002BB2C6 /* Release */,
			);
			defaultConfigurationIsVisible = 0;
			defaultConfigurationName = Release;
		};
/* End XCConfigurationList section */
	};
	rootObject = FEE8AD0F2A0F6FBF002BB2C6 /* Project object */;
}
