// !$*UTF8*$!
{
	archiveVersion = 1;
	classes = {
	};
	objectVersion = 56;
	objects = {

/* Begin PBXBuildFile section */
		FE35914329090C250070DFF6 /* MailManager.swift in Sources */ = {isa = PBXBuildFile; fileRef = FE35914229090C250070DFF6 /* MailManager.swift */; };
		FE62F290290A6F1F00E28D54 /* Mabinogi_Classic_OTF.otf in Resources */ = {isa = PBXBuildFile; fileRef = FE62F28F290A6F1F00E28D54 /* Mabinogi_Classic_OTF.otf */; };
		FEA5A86B2900CE50007C3752 /* AppDelegate.swift in Sources */ = {isa = PBXBuildFile; fileRef = FEA5A86A2900CE50007C3752 /* AppDelegate.swift */; };
		FEA5A86D2900CE50007C3752 /* SceneDelegate.swift in Sources */ = {isa = PBXBuildFile; fileRef = FEA5A86C2900CE50007C3752 /* SceneDelegate.swift */; };
		FEA5A86F2900CE50007C3752 /* ViewController.swift in Sources */ = {isa = PBXBuildFile; fileRef = FEA5A86E2900CE50007C3752 /* ViewController.swift */; };
		FEA5A8722900CE50007C3752 /* Main.storyboard in Resources */ = {isa = PBXBuildFile; fileRef = FEA5A8702900CE50007C3752 /* Main.storyboard */; };
		FEA5A8742900CE51007C3752 /* Assets.xcassets in Resources */ = {isa = PBXBuildFile; fileRef = FEA5A8732900CE51007C3752 /* Assets.xcassets */; };
		FEA5A8772900CE51007C3752 /* LaunchScreen.storyboard in Resources */ = {isa = PBXBuildFile; fileRef = FEA5A8752900CE51007C3752 /* LaunchScreen.storyboard */; };
/* End PBXBuildFile section */

/* Begin PBXFileReference section */
		FE35914229090C250070DFF6 /* MailManager.swift */ = {isa = PBXFileReference; lastKnownFileType = sourcecode.swift; path = MailManager.swift; sourceTree = "<group>"; };
		FE62F28F290A6F1F00E28D54 /* Mabinogi_Classic_OTF.otf */ = {isa = PBXFileReference; lastKnownFileType = file; path = Mabinogi_Classic_OTF.otf; sourceTree = "<group>"; };
		FEA5A8672900CE50007C3752 /* PracticeAPI.app */ = {isa = PBXFileReference; explicitFileType = wrapper.application; includeInIndex = 0; path = PracticeAPI.app; sourceTree = BUILT_PRODUCTS_DIR; };
		FEA5A86A2900CE50007C3752 /* AppDelegate.swift */ = {isa = PBXFileReference; lastKnownFileType = sourcecode.swift; path = AppDelegate.swift; sourceTree = "<group>"; };
		FEA5A86C2900CE50007C3752 /* SceneDelegate.swift */ = {isa = PBXFileReference; lastKnownFileType = sourcecode.swift; path = SceneDelegate.swift; sourceTree = "<group>"; };
		FEA5A86E2900CE50007C3752 /* ViewController.swift */ = {isa = PBXFileReference; lastKnownFileType = sourcecode.swift; path = ViewController.swift; sourceTree = "<group>"; };
		FEA5A8712900CE50007C3752 /* Base */ = {isa = PBXFileReference; lastKnownFileType = file.storyboard; name = Base; path = Base.lproj/Main.storyboard; sourceTree = "<group>"; };
		FEA5A8732900CE51007C3752 /* Assets.xcassets */ = {isa = PBXFileReference; lastKnownFileType = folder.assetcatalog; path = Assets.xcassets; sourceTree = "<group>"; };
		FEA5A8762900CE51007C3752 /* Base */ = {isa = PBXFileReference; lastKnownFileType = file.storyboard; name = Base; path = Base.lproj/LaunchScreen.storyboard; sourceTree = "<group>"; };
		FEA5A8782900CE51007C3752 /* Info.plist */ = {isa = PBXFileReference; lastKnownFileType = text.plist.xml; path = Info.plist; sourceTree = "<group>"; };
/* End PBXFileReference section */

/* Begin PBXFrameworksBuildPhase section */
		FEA5A8642900CE50007C3752 /* Frameworks */ = {
			isa = PBXFrameworksBuildPhase;
			buildActionMask = 2147483647;
			files = (
			);
			runOnlyForDeploymentPostprocessing = 0;
		};
/* End PBXFrameworksBuildPhase section */

/* Begin PBXGroup section */
		FEA5A85E2900CE50007C3752 = {
			isa = PBXGroup;
			children = (
				FEA5A8692900CE50007C3752 /* PracticeAPI */,
				FEA5A8682900CE50007C3752 /* Products */,
			);
			sourceTree = "<group>";
		};
		FEA5A8682900CE50007C3752 /* Products */ = {
			isa = PBXGroup;
			children = (
				FEA5A8672900CE50007C3752 /* PracticeAPI.app */,
			);
			name = Products;
			sourceTree = "<group>";
		};
		FEA5A8692900CE50007C3752 /* PracticeAPI */ = {
			isa = PBXGroup;
			children = (
				FEA5A86A2900CE50007C3752 /* AppDelegate.swift */,
				FEA5A86C2900CE50007C3752 /* SceneDelegate.swift */,
				FEA5A86E2900CE50007C3752 /* ViewController.swift */,
				FE35914229090C250070DFF6 /* MailManager.swift */,
				FEA5A8702900CE50007C3752 /* Main.storyboard */,
				FEA5A8732900CE51007C3752 /* Assets.xcassets */,
				FEA5A8752900CE51007C3752 /* LaunchScreen.storyboard */,
				FEA5A8782900CE51007C3752 /* Info.plist */,
				FE62F28F290A6F1F00E28D54 /* Mabinogi_Classic_OTF.otf */,
			);
			path = PracticeAPI;
			sourceTree = "<group>";
		};
/* End PBXGroup section */

/* Begin PBXNativeTarget section */
		FEA5A8662900CE50007C3752 /* PracticeAPI */ = {
			isa = PBXNativeTarget;
			buildConfigurationList = FEA5A87B2900CE51007C3752 /* Build configuration list for PBXNativeTarget "PracticeAPI" */;
			buildPhases = (
				FEA5A8632900CE50007C3752 /* Sources */,
				FEA5A8642900CE50007C3752 /* Frameworks */,
				FEA5A8652900CE50007C3752 /* Resources */,
			);
			buildRules = (
			);
			dependencies = (
			);
			name = PracticeAPI;
			productName = PracticeAPI;
			productReference = FEA5A8672900CE50007C3752 /* PracticeAPI.app */;
			productType = "com.apple.product-type.application";
		};
/* End PBXNativeTarget section */

/* Begin PBXProject section */
		FEA5A85F2900CE50007C3752 /* Project object */ = {
			isa = PBXProject;
			attributes = {
				BuildIndependentTargetsInParallel = 1;
				LastSwiftUpdateCheck = 1400;
				LastUpgradeCheck = 1400;
				TargetAttributes = {
					FEA5A8662900CE50007C3752 = {
						CreatedOnToolsVersion = 14.0.1;
					};
				};
			};
			buildConfigurationList = FEA5A8622900CE50007C3752 /* Build configuration list for PBXProject "PracticeAPI" */;
			compatibilityVersion = "Xcode 14.0";
			developmentRegion = en;
			hasScannedForEncodings = 0;
			knownRegions = (
				en,
				Base,
			);
			mainGroup = FEA5A85E2900CE50007C3752;
			productRefGroup = FEA5A8682900CE50007C3752 /* Products */;
			projectDirPath = "";
			projectRoot = "";
			targets = (
				FEA5A8662900CE50007C3752 /* PracticeAPI */,
			);
		};
/* End PBXProject section */

/* Begin PBXResourcesBuildPhase section */
		FEA5A8652900CE50007C3752 /* Resources */ = {
			isa = PBXResourcesBuildPhase;
			buildActionMask = 2147483647;
			files = (
				FEA5A8772900CE51007C3752 /* LaunchScreen.storyboard in Resources */,
				FEA5A8742900CE51007C3752 /* Assets.xcassets in Resources */,
				FE62F290290A6F1F00E28D54 /* Mabinogi_Classic_OTF.otf in Resources */,
				FEA5A8722900CE50007C3752 /* Main.storyboard in Resources */,
			);
			runOnlyForDeploymentPostprocessing = 0;
		};
/* End PBXResourcesBuildPhase section */

/* Begin PBXSourcesBuildPhase section */
		FEA5A8632900CE50007C3752 /* Sources */ = {
			isa = PBXSourcesBuildPhase;
			buildActionMask = 2147483647;
			files = (
				FEA5A86F2900CE50007C3752 /* ViewController.swift in Sources */,
				FEA5A86B2900CE50007C3752 /* AppDelegate.swift in Sources */,
				FE35914329090C250070DFF6 /* MailManager.swift in Sources */,
				FEA5A86D2900CE50007C3752 /* SceneDelegate.swift in Sources */,
			);
			runOnlyForDeploymentPostprocessing = 0;
		};
/* End PBXSourcesBuildPhase section */

/* Begin PBXVariantGroup section */
		FEA5A8702900CE50007C3752 /* Main.storyboard */ = {
			isa = PBXVariantGroup;
			children = (
				FEA5A8712900CE50007C3752 /* Base */,
			);
			name = Main.storyboard;
			sourceTree = "<group>";
		};
		FEA5A8752900CE51007C3752 /* LaunchScreen.storyboard */ = {
			isa = PBXVariantGroup;
			children = (
				FEA5A8762900CE51007C3752 /* Base */,
			);
			name = LaunchScreen.storyboard;
			sourceTree = "<group>";
		};
/* End PBXVariantGroup section */

/* Begin XCBuildConfiguration section */
		FEA5A8792900CE51007C3752 /* Debug */ = {
			isa = XCBuildConfiguration;
			buildSettings = {
				ALWAYS_SEARCH_USER_PATHS = NO;
				CLANG_ANALYZER_NONNULL = YES;
				CLANG_ANALYZER_NUMBER_OBJECT_CONVERSION = YES_AGGRESSIVE;
				CLANG_CXX_LANGUAGE_STANDARD = "gnu++20";
				CLANG_ENABLE_MODULES = YES;
				CLANG_ENABLE_OBJC_ARC = YES;
				CLANG_ENABLE_OBJC_WEAK = YES;
				CLANG_WARN_BLOCK_CAPTURE_AUTORELEASING = YES;
				CLANG_WARN_BOOL_CONVERSION = YES;
				CLANG_WARN_COMMA = YES;
				CLANG_WARN_CONSTANT_CONVERSION = YES;
				CLANG_WARN_DEPRECATED_OBJC_IMPLEMENTATIONS = YES;
				CLANG_WARN_DIRECT_OBJC_ISA_USAGE = YES_ERROR;
				CLANG_WARN_DOCUMENTATION_COMMENTS = YES;
				CLANG_WARN_EMPTY_BODY = YES;
				CLANG_WARN_ENUM_CONVERSION = YES;
				CLANG_WARN_INFINITE_RECURSION = YES;
				CLANG_WARN_INT_CONVERSION = YES;
				CLANG_WARN_NON_LITERAL_NULL_CONVERSION = YES;
				CLANG_WARN_OBJC_IMPLICIT_RETAIN_SELF = YES;
				CLANG_WARN_OBJC_LITERAL_CONVERSION = YES;
				CLANG_WARN_OBJC_ROOT_CLASS = YES_ERROR;
				CLANG_WARN_QUOTED_INCLUDE_IN_FRAMEWORK_HEADER = YES;
				CLANG_WARN_RANGE_LOOP_ANALYSIS = YES;
				CLANG_WARN_STRICT_PROTOTYPES = YES;
				CLANG_WARN_SUSPICIOUS_MOVE = YES;
				CLANG_WARN_UNGUARDED_AVAILABILITY = YES_AGGRESSIVE;
				CLANG_WARN_UNREACHABLE_CODE = YES;
				CLANG_WARN__DUPLICATE_METHOD_MATCH = YES;
				COPY_PHASE_STRIP = NO;
				DEBUG_INFORMATION_FORMAT = dwarf;
				ENABLE_STRICT_OBJC_MSGSEND = YES;
				ENABLE_TESTABILITY = YES;
				GCC_C_LANGUAGE_STANDARD = gnu11;
				GCC_DYNAMIC_NO_PIC = NO;
				GCC_NO_COMMON_BLOCKS = YES;
				GCC_OPTIMIZATION_LEVEL = 0;
				GCC_PREPROCESSOR_DEFINITIONS = (
					"DEBUG=1",
					"$(inherited)",
				);
				GCC_WARN_64_TO_32_BIT_CONVERSION = YES;
				GCC_WARN_ABOUT_RETURN_TYPE = YES_ERROR;
				GCC_WARN_UNDECLARED_SELECTOR = YES;
				GCC_WARN_UNINITIALIZED_AUTOS = YES_AGGRESSIVE;
				GCC_WARN_UNUSED_FUNCTION = YES;
				GCC_WARN_UNUSED_VARIABLE = YES;
				IPHONEOS_DEPLOYMENT_TARGET = 16.0;
				MTL_ENABLE_DEBUG_INFO = INCLUDE_SOURCE;
				MTL_FAST_MATH = YES;
				ONLY_ACTIVE_ARCH = YES;
				SDKROOT = iphoneos;
				SWIFT_ACTIVE_COMPILATION_CONDITIONS = DEBUG;
				SWIFT_OPTIMIZATION_LEVEL = "-Onone";
			};
			name = Debug;
		};
		FEA5A87A2900CE51007C3752 /* Release */ = {
			isa = XCBuildConfiguration;
			buildSettings = {
				ALWAYS_SEARCH_USER_PATHS = NO;
				CLANG_ANALYZER_NONNULL = YES;
				CLANG_ANALYZER_NUMBER_OBJECT_CONVERSION = YES_AGGRESSIVE;
				CLANG_CXX_LANGUAGE_STANDARD = "gnu++20";
				CLANG_ENABLE_MODULES = YES;
				CLANG_ENABLE_OBJC_ARC = YES;
				CLANG_ENABLE_OBJC_WEAK = YES;
				CLANG_WARN_BLOCK_CAPTURE_AUTORELEASING = YES;
				CLANG_WARN_BOOL_CONVERSION = YES;
				CLANG_WARN_COMMA = YES;
				CLANG_WARN_CONSTANT_CONVERSION = YES;
				CLANG_WARN_DEPRECATED_OBJC_IMPLEMENTATIONS = YES;
				CLANG_WARN_DIRECT_OBJC_ISA_USAGE = YES_ERROR;
				CLANG_WARN_DOCUMENTATION_COMMENTS = YES;
				CLANG_WARN_EMPTY_BODY = YES;
				CLANG_WARN_ENUM_CONVERSION = YES;
				CLANG_WARN_INFINITE_RECURSION = YES;
				CLANG_WARN_INT_CONVERSION = YES;
				CLANG_WARN_NON_LITERAL_NULL_CONVERSION = YES;
				CLANG_WARN_OBJC_IMPLICIT_RETAIN_SELF = YES;
				CLANG_WARN_OBJC_LITERAL_CONVERSION = YES;
				CLANG_WARN_OBJC_ROOT_CLASS = YES_ERROR;
				CLANG_WARN_QUOTED_INCLUDE_IN_FRAMEWORK_HEADER = YES;
				CLANG_WARN_RANGE_LOOP_ANALYSIS = YES;
				CLANG_WARN_STRICT_PROTOTYPES = YES;
				CLANG_WARN_SUSPICIOUS_MOVE = YES;
				CLANG_WARN_UNGUARDED_AVAILABILITY = YES_AGGRESSIVE;
				CLANG_WARN_UNREACHABLE_CODE = YES;
				CLANG_WARN__DUPLICATE_METHOD_MATCH = YES;
				COPY_PHASE_STRIP = NO;
				DEBUG_INFORMATION_FORMAT = "dwarf-with-dsym";
				ENABLE_NS_ASSERTIONS = NO;
				ENABLE_STRICT_OBJC_MSGSEND = YES;
				GCC_C_LANGUAGE_STANDARD = gnu11;
				GCC_NO_COMMON_BLOCKS = YES;
				GCC_WARN_64_TO_32_BIT_CONVERSION = YES;
				GCC_WARN_ABOUT_RETURN_TYPE = YES_ERROR;
				GCC_WARN_UNDECLARED_SELECTOR = YES;
				GCC_WARN_UNINITIALIZED_AUTOS = YES_AGGRESSIVE;
				GCC_WARN_UNUSED_FUNCTION = YES;
				GCC_WARN_UNUSED_VARIABLE = YES;
				IPHONEOS_DEPLOYMENT_TARGET = 16.0;
				MTL_ENABLE_DEBUG_INFO = NO;
				MTL_FAST_MATH = YES;
				SDKROOT = iphoneos;
				SWIFT_COMPILATION_MODE = wholemodule;
				SWIFT_OPTIMIZATION_LEVEL = "-O";
				VALIDATE_PRODUCT = YES;
			};
			name = Release;
		};
		FEA5A87C2900CE51007C3752 /* Debug */ = {
			isa = XCBuildConfiguration;
			buildSettings = {
				ASSETCATALOG_COMPILER_APPICON_NAME = AppIcon;
				ASSETCATALOG_COMPILER_GLOBAL_ACCENT_COLOR_NAME = AccentColor;
				CODE_SIGN_STYLE = Automatic;
				CURRENT_PROJECT_VERSION = 1;
				DEVELOPMENT_TEAM = SCEZ5R8HKX;
				GENERATE_INFOPLIST_FILE = YES;
				INFOPLIST_FILE = PracticeAPI/Info.plist;
				INFOPLIST_KEY_UIApplicationSupportsIndirectInputEvents = YES;
				INFOPLIST_KEY_UILaunchStoryboardName = LaunchScreen;
				INFOPLIST_KEY_UIMainStoryboardFile = Main;
				INFOPLIST_KEY_UISupportedInterfaceOrientations = UIInterfaceOrientationPortrait;
				IPHONEOS_DEPLOYMENT_TARGET = 15.4;
				LD_RUNPATH_SEARCH_PATHS = (
					"$(inherited)",
					"@executable_path/Frameworks",
				);
				MARKETING_VERSION = 1.0;
				PRODUCT_BUNDLE_IDENTIFIER = sss.PracticeAPI;
				PRODUCT_NAME = "$(TARGET_NAME)";
				SWIFT_EMIT_LOC_STRINGS = YES;
				SWIFT_VERSION = 5.0;
				TARGETED_DEVICE_FAMILY = "1,2";
			};
			name = Debug;
		};
		FEA5A87D2900CE51007C3752 /* Release */ = {
			isa = XCBuildConfiguration;
			buildSettings = {
				ASSETCATALOG_COMPILER_APPICON_NAME = AppIcon;
				ASSETCATALOG_COMPILER_GLOBAL_ACCENT_COLOR_NAME = AccentColor;
				CODE_SIGN_STYLE = Automatic;
				CURRENT_PROJECT_VERSION = 1;
				DEVELOPMENT_TEAM = SCEZ5R8HKX;
				GENERATE_INFOPLIST_FILE = YES;
				INFOPLIST_FILE = PracticeAPI/Info.plist;
				INFOPLIST_KEY_UIApplicationSupportsIndirectInputEvents = YES;
				INFOPLIST_KEY_UILaunchStoryboardName = LaunchScreen;
				INFOPLIST_KEY_UIMainStoryboardFile = Main;
				INFOPLIST_KEY_UISupportedInterfaceOrientations = UIInterfaceOrientationPortrait;
				IPHONEOS_DEPLOYMENT_TARGET = 15.4;
				LD_RUNPATH_SEARCH_PATHS = (
					"$(inherited)",
					"@executable_path/Frameworks",
				);
				MARKETING_VERSION = 1.0;
				PRODUCT_BUNDLE_IDENTIFIER = sss.PracticeAPI;
				PRODUCT_NAME = "$(TARGET_NAME)";
				SWIFT_EMIT_LOC_STRINGS = YES;
				SWIFT_VERSION = 5.0;
				TARGETED_DEVICE_FAMILY = "1,2";
			};
			name = Release;
		};
/* End XCBuildConfiguration section */

/* Begin XCConfigurationList section */
		FEA5A8622900CE50007C3752 /* Build configuration list for PBXProject "PracticeAPI" */ = {
			isa = XCConfigurationList;
			buildConfigurations = (
				FEA5A8792900CE51007C3752 /* Debug */,
				FEA5A87A2900CE51007C3752 /* Release */,
			);
			defaultConfigurationIsVisible = 0;
			defaultConfigurationName = Release;
		};
		FEA5A87B2900CE51007C3752 /* Build configuration list for PBXNativeTarget "PracticeAPI" */ = {
			isa = XCConfigurationList;
			buildConfigurations = (
				FEA5A87C2900CE51007C3752 /* Debug */,
				FEA5A87D2900CE51007C3752 /* Release */,
			);
			defaultConfigurationIsVisible = 0;
			defaultConfigurationName = Release;
		};
/* End XCConfigurationList section */
	};
	rootObject = FEA5A85F2900CE50007C3752 /* Project object */;
}
