// !$*UTF8*$!
{
	archiveVersion = 1;
	classes = {
	};
	objectVersion = 56;
	objects = {

/* Begin PBXBuildFile section */
		FE542AC929FF8FAB00CBE7D5 /* RealtimeSegmentation_SwiftUIApp.swift in Sources */ = {isa = PBXBuildFile; fileRef = FE542AC829FF8FAB00CBE7D5 /* RealtimeSegmentation_SwiftUIApp.swift */; };
		FE542ACB29FF8FAB00CBE7D5 /* ContentView.swift in Sources */ = {isa = PBXBuildFile; fileRef = FE542ACA29FF8FAB00CBE7D5 /* ContentView.swift */; };
		FE542ACD29FF8FAC00CBE7D5 /* Assets.xcassets in Resources */ = {isa = PBXBuildFile; fileRef = FE542ACC29FF8FAC00CBE7D5 /* Assets.xcassets */; };
		FE542AD029FF8FAC00CBE7D5 /* Preview Assets.xcassets in Resources */ = {isa = PBXBuildFile; fileRef = FE542ACF29FF8FAC00CBE7D5 /* Preview Assets.xcassets */; };
		FE542AD729FF8FE500CBE7D5 /* MetalView.swift in Sources */ = {isa = PBXBuildFile; fileRef = FE542AD629FF8FE500CBE7D5 /* MetalView.swift */; };
		FE78AC672A08A3E2000E1A6E /* Renderer.swift in Sources */ = {isa = PBXBuildFile; fileRef = FE78AC662A08A3E2000E1A6E /* Renderer.swift */; };
/* End PBXBuildFile section */

/* Begin PBXFileReference section */
		FE542AC529FF8FAB00CBE7D5 /* RealtimeSegmentation+SwiftUI.app */ = {isa = PBXFileReference; explicitFileType = wrapper.application; includeInIndex = 0; path = "RealtimeSegmentation+SwiftUI.app"; sourceTree = BUILT_PRODUCTS_DIR; };
		FE542AC829FF8FAB00CBE7D5 /* RealtimeSegmentation_SwiftUIApp.swift */ = {isa = PBXFileReference; lastKnownFileType = sourcecode.swift; path = RealtimeSegmentation_SwiftUIApp.swift; sourceTree = "<group>"; };
		FE542ACA29FF8FAB00CBE7D5 /* ContentView.swift */ = {isa = PBXFileReference; lastKnownFileType = sourcecode.swift; path = ContentView.swift; sourceTree = "<group>"; };
		FE542ACC29FF8FAC00CBE7D5 /* Assets.xcassets */ = {isa = PBXFileReference; lastKnownFileType = folder.assetcatalog; path = Assets.xcassets; sourceTree = "<group>"; };
		FE542ACF29FF8FAC00CBE7D5 /* Preview Assets.xcassets */ = {isa = PBXFileReference; lastKnownFileType = folder.assetcatalog; path = "Preview Assets.xcassets"; sourceTree = "<group>"; };
		FE542AD629FF8FE500CBE7D5 /* MetalView.swift */ = {isa = PBXFileReference; lastKnownFileType = sourcecode.swift; path = MetalView.swift; sourceTree = "<group>"; };
		FE78AC662A08A3E2000E1A6E /* Renderer.swift */ = {isa = PBXFileReference; lastKnownFileType = sourcecode.swift; path = Renderer.swift; sourceTree = "<group>"; };
/* End PBXFileReference section */

/* Begin PBXFrameworksBuildPhase section */
		FE542AC229FF8FAB00CBE7D5 /* Frameworks */ = {
			isa = PBXFrameworksBuildPhase;
			buildActionMask = 2147483647;
			files = (
			);
			runOnlyForDeploymentPostprocessing = 0;
		};
/* End PBXFrameworksBuildPhase section */

/* Begin PBXGroup section */
		FE542ABC29FF8FAB00CBE7D5 = {
			isa = PBXGroup;
			children = (
				FE542AC729FF8FAB00CBE7D5 /* RealtimeSegmentation+SwiftUI */,
				FE542AC629FF8FAB00CBE7D5 /* Products */,
			);
			sourceTree = "<group>";
		};
		FE542AC629FF8FAB00CBE7D5 /* Products */ = {
			isa = PBXGroup;
			children = (
				FE542AC529FF8FAB00CBE7D5 /* RealtimeSegmentation+SwiftUI.app */,
			);
			name = Products;
			sourceTree = "<group>";
		};
		FE542AC729FF8FAB00CBE7D5 /* RealtimeSegmentation+SwiftUI */ = {
			isa = PBXGroup;
			children = (
				FE542AC829FF8FAB00CBE7D5 /* RealtimeSegmentation_SwiftUIApp.swift */,
				FE542ACA29FF8FAB00CBE7D5 /* ContentView.swift */,
				FE542AD629FF8FE500CBE7D5 /* MetalView.swift */,
				FE78AC662A08A3E2000E1A6E /* Renderer.swift */,
				FE542ACC29FF8FAC00CBE7D5 /* Assets.xcassets */,
				FE542ACE29FF8FAC00CBE7D5 /* Preview Content */,
			);
			path = "RealtimeSegmentation+SwiftUI";
			sourceTree = "<group>";
		};
		FE542ACE29FF8FAC00CBE7D5 /* Preview Content */ = {
			isa = PBXGroup;
			children = (
				FE542ACF29FF8FAC00CBE7D5 /* Preview Assets.xcassets */,
			);
			path = "Preview Content";
			sourceTree = "<group>";
		};
/* End PBXGroup section */

/* Begin PBXNativeTarget section */
		FE542AC429FF8FAB00CBE7D5 /* RealtimeSegmentation+SwiftUI */ = {
			isa = PBXNativeTarget;
			buildConfigurationList = FE542AD329FF8FAC00CBE7D5 /* Build configuration list for PBXNativeTarget "RealtimeSegmentation+SwiftUI" */;
			buildPhases = (
				FE542AC129FF8FAB00CBE7D5 /* Sources */,
				FE542AC229FF8FAB00CBE7D5 /* Frameworks */,
				FE542AC329FF8FAB00CBE7D5 /* Resources */,
			);
			buildRules = (
			);
			dependencies = (
			);
			name = "RealtimeSegmentation+SwiftUI";
			productName = "RealtimeSegmentation+SwiftUI";
			productReference = FE542AC529FF8FAB00CBE7D5 /* RealtimeSegmentation+SwiftUI.app */;
			productType = "com.apple.product-type.application";
		};
/* End PBXNativeTarget section */

/* Begin PBXProject section */
		FE542ABD29FF8FAB00CBE7D5 /* Project object */ = {
			isa = PBXProject;
			attributes = {
				BuildIndependentTargetsInParallel = 1;
				LastSwiftUpdateCheck = 1420;
				LastUpgradeCheck = 1420;
				TargetAttributes = {
					FE542AC429FF8FAB00CBE7D5 = {
						CreatedOnToolsVersion = 14.2;
					};
				};
			};
			buildConfigurationList = FE542AC029FF8FAB00CBE7D5 /* Build configuration list for PBXProject "RealtimeSegmentation+SwiftUI" */;
			compatibilityVersion = "Xcode 14.0";
			developmentRegion = en;
			hasScannedForEncodings = 0;
			knownRegions = (
				en,
				Base,
			);
			mainGroup = FE542ABC29FF8FAB00CBE7D5;
			productRefGroup = FE542AC629FF8FAB00CBE7D5 /* Products */;
			projectDirPath = "";
			projectRoot = "";
			targets = (
				FE542AC429FF8FAB00CBE7D5 /* RealtimeSegmentation+SwiftUI */,
			);
		};
/* End PBXProject section */

/* Begin PBXResourcesBuildPhase section */
		FE542AC329FF8FAB00CBE7D5 /* Resources */ = {
			isa = PBXResourcesBuildPhase;
			buildActionMask = 2147483647;
			files = (
				FE542AD029FF8FAC00CBE7D5 /* Preview Assets.xcassets in Resources */,
				FE542ACD29FF8FAC00CBE7D5 /* Assets.xcassets in Resources */,
			);
			runOnlyForDeploymentPostprocessing = 0;
		};
/* End PBXResourcesBuildPhase section */

/* Begin PBXSourcesBuildPhase section */
		FE542AC129FF8FAB00CBE7D5 /* Sources */ = {
			isa = PBXSourcesBuildPhase;
			buildActionMask = 2147483647;
			files = (
				FE542AD729FF8FE500CBE7D5 /* MetalView.swift in Sources */,
				FE542ACB29FF8FAB00CBE7D5 /* ContentView.swift in Sources */,
				FE542AC929FF8FAB00CBE7D5 /* RealtimeSegmentation_SwiftUIApp.swift in Sources */,
				FE78AC672A08A3E2000E1A6E /* Renderer.swift in Sources */,
			);
			runOnlyForDeploymentPostprocessing = 0;
		};
/* End PBXSourcesBuildPhase section */

/* Begin XCBuildConfiguration section */
		FE542AD129FF8FAC00CBE7D5 /* Debug */ = {
			isa = XCBuildConfiguration;
			buildSettings = {
				ALWAYS_SEARCH_USER_PATHS = NO;
				CLANG_ANALYZER_NONNULL = YES;
				CLANG_ANALYZER_NUMBER_OBJECT_CONVERSION = YES_AGGRESSIVE;
				CLANG_CXX_LANGUAGE_STANDARD = "gnu++20";
				CLANG_ENABLE_MODULES = YES;
				CLANG_ENABLE_OBJC_ARC = YES;
				CLANG_ENABLE_OBJC_WEAK = YES;
				CLANG_WARN_BLOCK_CAPTURE_AUTORELEASING = YES;
				CLANG_WARN_BOOL_CONVERSION = YES;
				CLANG_WARN_COMMA = YES;
				CLANG_WARN_CONSTANT_CONVERSION = YES;
				CLANG_WARN_DEPRECATED_OBJC_IMPLEMENTATIONS = YES;
				CLANG_WARN_DIRECT_OBJC_ISA_USAGE = YES_ERROR;
				CLANG_WARN_DOCUMENTATION_COMMENTS = YES;
				CLANG_WARN_EMPTY_BODY = YES;
				CLANG_WARN_ENUM_CONVERSION = YES;
				CLANG_WARN_INFINITE_RECURSION = YES;
				CLANG_WARN_INT_CONVERSION = YES;
				CLANG_WARN_NON_LITERAL_NULL_CONVERSION = YES;
				CLANG_WARN_OBJC_IMPLICIT_RETAIN_SELF = YES;
				CLANG_WARN_OBJC_LITERAL_CONVERSION = YES;
				CLANG_WARN_OBJC_ROOT_CLASS = YES_ERROR;
				CLANG_WARN_QUOTED_INCLUDE_IN_FRAMEWORK_HEADER = YES;
				CLANG_WARN_RANGE_LOOP_ANALYSIS = YES;
				CLANG_WARN_STRICT_PROTOTYPES = YES;
				CLANG_WARN_SUSPICIOUS_MOVE = YES;
				CLANG_WARN_UNGUARDED_AVAILABILITY = YES_AGGRESSIVE;
				CLANG_WARN_UNREACHABLE_CODE = YES;
				CLANG_WARN__DUPLICATE_METHOD_MATCH = YES;
				COPY_PHASE_STRIP = NO;
				DEBUG_INFORMATION_FORMAT = dwarf;
				ENABLE_STRICT_OBJC_MSGSEND = YES;
				ENABLE_TESTABILITY = YES;
				GCC_C_LANGUAGE_STANDARD = gnu11;
				GCC_DYNAMIC_NO_PIC = NO;
				GCC_NO_COMMON_BLOCKS = YES;
				GCC_OPTIMIZATION_LEVEL = 0;
				GCC_PREPROCESSOR_DEFINITIONS = (
					"DEBUG=1",
					"$(inherited)",
				);
				GCC_WARN_64_TO_32_BIT_CONVERSION = YES;
				GCC_WARN_ABOUT_RETURN_TYPE = YES_ERROR;
				GCC_WARN_UNDECLARED_SELECTOR = YES;
				GCC_WARN_UNINITIALIZED_AUTOS = YES_AGGRESSIVE;
				GCC_WARN_UNUSED_FUNCTION = YES;
				GCC_WARN_UNUSED_VARIABLE = YES;
				IPHONEOS_DEPLOYMENT_TARGET = 16.2;
				MTL_ENABLE_DEBUG_INFO = INCLUDE_SOURCE;
				MTL_FAST_MATH = YES;
				ONLY_ACTIVE_ARCH = YES;
				SDKROOT = iphoneos;
				SWIFT_ACTIVE_COMPILATION_CONDITIONS = DEBUG;
				SWIFT_OPTIMIZATION_LEVEL = "-Onone";
			};
			name = Debug;
		};
		FE542AD229FF8FAC00CBE7D5 /* Release */ = {
			isa = XCBuildConfiguration;
			buildSettings = {
				ALWAYS_SEARCH_USER_PATHS = NO;
				CLANG_ANALYZER_NONNULL = YES;
				CLANG_ANALYZER_NUMBER_OBJECT_CONVERSION = YES_AGGRESSIVE;
				CLANG_CXX_LANGUAGE_STANDARD = "gnu++20";
				CLANG_ENABLE_MODULES = YES;
				CLANG_ENABLE_OBJC_ARC = YES;
				CLANG_ENABLE_OBJC_WEAK = YES;
				CLANG_WARN_BLOCK_CAPTURE_AUTORELEASING = YES;
				CLANG_WARN_BOOL_CONVERSION = YES;
				CLANG_WARN_COMMA = YES;
				CLANG_WARN_CONSTANT_CONVERSION = YES;
				CLANG_WARN_DEPRECATED_OBJC_IMPLEMENTATIONS = YES;
				CLANG_WARN_DIRECT_OBJC_ISA_USAGE = YES_ERROR;
				CLANG_WARN_DOCUMENTATION_COMMENTS = YES;
				CLANG_WARN_EMPTY_BODY = YES;
				CLANG_WARN_ENUM_CONVERSION = YES;
				CLANG_WARN_INFINITE_RECURSION = YES;
				CLANG_WARN_INT_CONVERSION = YES;
				CLANG_WARN_NON_LITERAL_NULL_CONVERSION = YES;
				CLANG_WARN_OBJC_IMPLICIT_RETAIN_SELF = YES;
				CLANG_WARN_OBJC_LITERAL_CONVERSION = YES;
				CLANG_WARN_OBJC_ROOT_CLASS = YES_ERROR;
				CLANG_WARN_QUOTED_INCLUDE_IN_FRAMEWORK_HEADER = YES;
				CLANG_WARN_RANGE_LOOP_ANALYSIS = YES;
				CLANG_WARN_STRICT_PROTOTYPES = YES;
				CLANG_WARN_SUSPICIOUS_MOVE = YES;
				CLANG_WARN_UNGUARDED_AVAILABILITY = YES_AGGRESSIVE;
				CLANG_WARN_UNREACHABLE_CODE = YES;
				CLANG_WARN__DUPLICATE_METHOD_MATCH = YES;
				COPY_PHASE_STRIP = NO;
				DEBUG_INFORMATION_FORMAT = "dwarf-with-dsym";
				ENABLE_NS_ASSERTIONS = NO;
				ENABLE_STRICT_OBJC_MSGSEND = YES;
				GCC_C_LANGUAGE_STANDARD = gnu11;
				GCC_NO_COMMON_BLOCKS = YES;
				GCC_WARN_64_TO_32_BIT_CONVERSION = YES;
				GCC_WARN_ABOUT_RETURN_TYPE = YES_ERROR;
				GCC_WARN_UNDECLARED_SELECTOR = YES;
				GCC_WARN_UNINITIALIZED_AUTOS = YES_AGGRESSIVE;
				GCC_WARN_UNUSED_FUNCTION = YES;
				GCC_WARN_UNUSED_VARIABLE = YES;
				IPHONEOS_DEPLOYMENT_TARGET = 16.2;
				MTL_ENABLE_DEBUG_INFO = NO;
				MTL_FAST_MATH = YES;
				SDKROOT = iphoneos;
				SWIFT_COMPILATION_MODE = wholemodule;
				SWIFT_OPTIMIZATION_LEVEL = "-O";
				VALIDATE_PRODUCT = YES;
			};
			name = Release;
		};
		FE542AD429FF8FAC00CBE7D5 /* Debug */ = {
			isa = XCBuildConfiguration;
			buildSettings = {
				ASSETCATALOG_COMPILER_APPICON_NAME = AppIcon;
				ASSETCATALOG_COMPILER_GLOBAL_ACCENT_COLOR_NAME = AccentColor;
				CODE_SIGN_STYLE = Automatic;
				CURRENT_PROJECT_VERSION = 1;
				DEVELOPMENT_ASSET_PATHS = "\"RealtimeSegmentation+SwiftUI/Preview Content\"";
				DEVELOPMENT_TEAM = CNGL9PR533;
				ENABLE_PREVIEWS = YES;
				GENERATE_INFOPLIST_FILE = YES;
				INFOPLIST_KEY_UIApplicationSceneManifest_Generation = YES;
				INFOPLIST_KEY_UIApplicationSupportsIndirectInputEvents = YES;
				INFOPLIST_KEY_UILaunchScreen_Generation = YES;
				INFOPLIST_KEY_UISupportedInterfaceOrientations_iPad = "UIInterfaceOrientationPortrait UIInterfaceOrientationPortraitUpsideDown UIInterfaceOrientationLandscapeLeft UIInterfaceOrientationLandscapeRight";
				INFOPLIST_KEY_UISupportedInterfaceOrientations_iPhone = "UIInterfaceOrientationPortrait UIInterfaceOrientationLandscapeLeft UIInterfaceOrientationLandscapeRight";
				IPHONEOS_DEPLOYMENT_TARGET = 15.0;
				LD_RUNPATH_SEARCH_PATHS = (
					"$(inherited)",
					"@executable_path/Frameworks",
				);
				MARKETING_VERSION = 1.0;
				PRODUCT_BUNDLE_IDENTIFIER = "com.kirkim.RealtimeSegmentation-SwiftUI";
				PRODUCT_NAME = "$(TARGET_NAME)";
				SUPPORTED_PLATFORMS = "iphoneos iphonesimulator";
				SUPPORTS_MACCATALYST = NO;
				SUPPORTS_MAC_DESIGNED_FOR_IPHONE_IPAD = NO;
				SWIFT_EMIT_LOC_STRINGS = YES;
				SWIFT_VERSION = 5.0;
				TARGETED_DEVICE_FAMILY = 1;
			};
			name = Debug;
		};
		FE542AD529FF8FAC00CBE7D5 /* Release */ = {
			isa = XCBuildConfiguration;
			buildSettings = {
				ASSETCATALOG_COMPILER_APPICON_NAME = AppIcon;
				ASSETCATALOG_COMPILER_GLOBAL_ACCENT_COLOR_NAME = AccentColor;
				CODE_SIGN_STYLE = Automatic;
				CURRENT_PROJECT_VERSION = 1;
				DEVELOPMENT_ASSET_PATHS = "\"RealtimeSegmentation+SwiftUI/Preview Content\"";
				DEVELOPMENT_TEAM = CNGL9PR533;
				ENABLE_PREVIEWS = YES;
				GENERATE_INFOPLIST_FILE = YES;
				INFOPLIST_KEY_UIApplicationSceneManifest_Generation = YES;
				INFOPLIST_KEY_UIApplicationSupportsIndirectInputEvents = YES;
				INFOPLIST_KEY_UILaunchScreen_Generation = YES;
				INFOPLIST_KEY_UISupportedInterfaceOrientations_iPad = "UIInterfaceOrientationPortrait UIInterfaceOrientationPortraitUpsideDown UIInterfaceOrientationLandscapeLeft UIInterfaceOrientationLandscapeRight";
				INFOPLIST_KEY_UISupportedInterfaceOrientations_iPhone = "UIInterfaceOrientationPortrait UIInterfaceOrientationLandscapeLeft UIInterfaceOrientationLandscapeRight";
				IPHONEOS_DEPLOYMENT_TARGET = 15.0;
				LD_RUNPATH_SEARCH_PATHS = (
					"$(inherited)",
					"@executable_path/Frameworks",
				);
				MARKETING_VERSION = 1.0;
				PRODUCT_BUNDLE_IDENTIFIER = "com.kirkim.RealtimeSegmentation-SwiftUI";
				PRODUCT_NAME = "$(TARGET_NAME)";
				SUPPORTED_PLATFORMS = "iphoneos iphonesimulator";
				SUPPORTS_MACCATALYST = NO;
				SUPPORTS_MAC_DESIGNED_FOR_IPHONE_IPAD = NO;
				SWIFT_EMIT_LOC_STRINGS = YES;
				SWIFT_VERSION = 5.0;
				TARGETED_DEVICE_FAMILY = 1;
			};
			name = Release;
		};
/* End XCBuildConfiguration section */

/* Begin XCConfigurationList section */
		FE542AC029FF8FAB00CBE7D5 /* Build configuration list for PBXProject "RealtimeSegmentation+SwiftUI" */ = {
			isa = XCConfigurationList;
			buildConfigurations = (
				FE542AD129FF8FAC00CBE7D5 /* Debug */,
				FE542AD229FF8FAC00CBE7D5 /* Release */,
			);
			defaultConfigurationIsVisible = 0;
			defaultConfigurationName = Release;
		};
		FE542AD329FF8FAC00CBE7D5 /* Build configuration list for PBXNativeTarget "RealtimeSegmentation+SwiftUI" */ = {
			isa = XCConfigurationList;
			buildConfigurations = (
				FE542AD429FF8FAC00CBE7D5 /* Debug */,
				FE542AD529FF8FAC00CBE7D5 /* Release */,
			);
			defaultConfigurationIsVisible = 0;
			defaultConfigurationName = Release;
		};
/* End XCConfigurationList section */
	};
	rootObject = FE542ABD29FF8FAB00CBE7D5 /* Project object */;
}
